// !$*UTF8*$!
{
	archiveVersion = 1;
	classes = {
	};
	objectVersion = 55;
	objects = {

/* Begin PBXBuildFile section */
		B518BFE95DF72BCEF901A6E6 /* Pods_ImageScroller.framework in Frameworks */ = {isa = PBXBuildFile; fileRef = 80DBB13657CD078D8FE5CBE4 /* Pods_ImageScroller.framework */; };
		FA1CCB1227DAC6A900F80986 /* AppDelegate.swift in Sources */ = {isa = PBXBuildFile; fileRef = FA1CCB1127DAC6A900F80986 /* AppDelegate.swift */; };
		FA1CCB1427DAC6A900F80986 /* SceneDelegate.swift in Sources */ = {isa = PBXBuildFile; fileRef = FA1CCB1327DAC6A900F80986 /* SceneDelegate.swift */; };
		FA1CCB1627DAC6A900F80986 /* ViewController.swift in Sources */ = {isa = PBXBuildFile; fileRef = FA1CCB1527DAC6A900F80986 /* ViewController.swift */; };
		FA1CCB1927DAC6A900F80986 /* Main.storyboard in Resources */ = {isa = PBXBuildFile; fileRef = FA1CCB1727DAC6A900F80986 /* Main.storyboard */; };
		FA1CCB1B27DAC6AE00F80986 /* Assets.xcassets in Resources */ = {isa = PBXBuildFile; fileRef = FA1CCB1A27DAC6AE00F80986 /* Assets.xcassets */; };
		FA1CCB1E27DAC6AE00F80986 /* LaunchScreen.storyboard in Resources */ = {isa = PBXBuildFile; fileRef = FA1CCB1C27DAC6AE00F80986 /* LaunchScreen.storyboard */; };
		FA1CCB2A27DBA19D00F80986 /* Common variables.swift in Sources */ = {isa = PBXBuildFile; fileRef = FA1CCB2927DBA19D00F80986 /* Common variables.swift */; };
		FA1CCB2C27DBA25000F80986 /* CodableData.swift in Sources */ = {isa = PBXBuildFile; fileRef = FA1CCB2B27DBA25000F80986 /* CodableData.swift */; };
		FA1CCB2F27DBB7C400F80986 /* ImageRequest.swift in Sources */ = {isa = PBXBuildFile; fileRef = FA1CCB2E27DBB7C400F80986 /* ImageRequest.swift */; };
/* End PBXBuildFile section */

/* Begin PBXFileReference section */
		34699A750DEA0AB05496ECA8 /* Pods-ImageScroller.debug.xcconfig */ = {isa = PBXFileReference; includeInIndex = 1; lastKnownFileType = text.xcconfig; name = "Pods-ImageScroller.debug.xcconfig"; path = "Target Support Files/Pods-ImageScroller/Pods-ImageScroller.debug.xcconfig"; sourceTree = "<group>"; };
		80DBB13657CD078D8FE5CBE4 /* Pods_ImageScroller.framework */ = {isa = PBXFileReference; explicitFileType = wrapper.framework; includeInIndex = 0; path = Pods_ImageScroller.framework; sourceTree = BUILT_PRODUCTS_DIR; };
		FA1CCB0E27DAC6A900F80986 /* ImageScroller.app */ = {isa = PBXFileReference; explicitFileType = wrapper.application; includeInIndex = 0; path = ImageScroller.app; sourceTree = BUILT_PRODUCTS_DIR; };
		FA1CCB1127DAC6A900F80986 /* AppDelegate.swift */ = {isa = PBXFileReference; lastKnownFileType = sourcecode.swift; path = AppDelegate.swift; sourceTree = "<group>"; };
		FA1CCB1327DAC6A900F80986 /* SceneDelegate.swift */ = {isa = PBXFileReference; lastKnownFileType = sourcecode.swift; path = SceneDelegate.swift; sourceTree = "<group>"; };
		FA1CCB1527DAC6A900F80986 /* ViewController.swift */ = {isa = PBXFileReference; lastKnownFileType = sourcecode.swift; path = ViewController.swift; sourceTree = "<group>"; };
		FA1CCB1827DAC6A900F80986 /* Base */ = {isa = PBXFileReference; lastKnownFileType = file.storyboard; name = Base; path = Base.lproj/Main.storyboard; sourceTree = "<group>"; };
		FA1CCB1A27DAC6AE00F80986 /* Assets.xcassets */ = {isa = PBXFileReference; lastKnownFileType = folder.assetcatalog; path = Assets.xcassets; sourceTree = "<group>"; };
		FA1CCB1D27DAC6AE00F80986 /* Base */ = {isa = PBXFileReference; lastKnownFileType = file.storyboard; name = Base; path = Base.lproj/LaunchScreen.storyboard; sourceTree = "<group>"; };
		FA1CCB1F27DAC6AE00F80986 /* Info.plist */ = {isa = PBXFileReference; lastKnownFileType = text.plist.xml; path = Info.plist; sourceTree = "<group>"; };
		FA1CCB2927DBA19D00F80986 /* Common variables.swift */ = {isa = PBXFileReference; lastKnownFileType = sourcecode.swift; path = "Common variables.swift"; sourceTree = "<group>"; };
		FA1CCB2B27DBA25000F80986 /* CodableData.swift */ = {isa = PBXFileReference; lastKnownFileType = sourcecode.swift; path = CodableData.swift; sourceTree = "<group>"; };
		FA1CCB2E27DBB7C400F80986 /* ImageRequest.swift */ = {isa = PBXFileReference; lastKnownFileType = sourcecode.swift; path = ImageRequest.swift; sourceTree = "<group>"; };
		FC446EB729828EBCBA07D12B /* Pods-ImageScroller.release.xcconfig */ = {isa = PBXFileReference; includeInIndex = 1; lastKnownFileType = text.xcconfig; name = "Pods-ImageScroller.release.xcconfig"; path = "Target Support Files/Pods-ImageScroller/Pods-ImageScroller.release.xcconfig"; sourceTree = "<group>"; };
/* End PBXFileReference section */

/* Begin PBXFrameworksBuildPhase section */
		FA1CCB0B27DAC6A900F80986 /* Frameworks */ = {
			isa = PBXFrameworksBuildPhase;
			buildActionMask = 2147483647;
			files = (
				B518BFE95DF72BCEF901A6E6 /* Pods_ImageScroller.framework in Frameworks */,
			);
			runOnlyForDeploymentPostprocessing = 0;
		};
/* End PBXFrameworksBuildPhase section */

/* Begin PBXGroup section */
		A782A560ED5AE0D5C0A2FC98 /* Frameworks */ = {
			isa = PBXGroup;
			children = (
				80DBB13657CD078D8FE5CBE4 /* Pods_ImageScroller.framework */,
			);
			name = Frameworks;
			sourceTree = "<group>";
		};
		B0C4A956FFD5AEDB35A0D2A2 /* Pods */ = {
			isa = PBXGroup;
			children = (
				34699A750DEA0AB05496ECA8 /* Pods-ImageScroller.debug.xcconfig */,
				FC446EB729828EBCBA07D12B /* Pods-ImageScroller.release.xcconfig */,
			);
			path = Pods;
			sourceTree = "<group>";
		};
		FA1CCB0527DAC6A900F80986 = {
			isa = PBXGroup;
			children = (
				FA1CCB1027DAC6A900F80986 /* ImageScroller */,
				FA1CCB0F27DAC6A900F80986 /* Products */,
				B0C4A956FFD5AEDB35A0D2A2 /* Pods */,
				A782A560ED5AE0D5C0A2FC98 /* Frameworks */,
			);
			sourceTree = "<group>";
		};
		FA1CCB0F27DAC6A900F80986 /* Products */ = {
			isa = PBXGroup;
			children = (
				FA1CCB0E27DAC6A900F80986 /* ImageScroller.app */,
			);
			name = Products;
			sourceTree = "<group>";
		};
		FA1CCB1027DAC6A900F80986 /* ImageScroller */ = {
			isa = PBXGroup;
			children = (
				FA1CCB1127DAC6A900F80986 /* AppDelegate.swift */,
				FA1CCB1327DAC6A900F80986 /* SceneDelegate.swift */,
				FA1CCB2827DBA16100F80986 /* Common */,
				FA1CCB2627DBA10F00F80986 /* Model */,
				FA1CCB2527DBA10100F80986 /* View */,
				FA1CCB2D27DBB78E00F80986 /* VM */,
				FA1CCB2727DBA12100F80986 /* Controller */,
				FA1CCB1727DAC6A900F80986 /* Main.storyboard */,
				FA1CCB1A27DAC6AE00F80986 /* Assets.xcassets */,
				FA1CCB1C27DAC6AE00F80986 /* LaunchScreen.storyboard */,
				FA1CCB1F27DAC6AE00F80986 /* Info.plist */,
			);
			path = ImageScroller;
			sourceTree = "<group>";
		};
		FA1CCB2527DBA10100F80986 /* View */ = {
			isa = PBXGroup;
			children = (
			);
			path = View;
			sourceTree = "<group>";
		};
		FA1CCB2627DBA10F00F80986 /* Model */ = {
			isa = PBXGroup;
			children = (
				FA1CCB2B27DBA25000F80986 /* CodableData.swift */,
			);
			path = Model;
			sourceTree = "<group>";
		};
		FA1CCB2727DBA12100F80986 /* Controller */ = {
			isa = PBXGroup;
			children = (
				FA1CCB1527DAC6A900F80986 /* ViewController.swift */,
			);
			path = Controller;
			sourceTree = "<group>";
		};
		FA1CCB2827DBA16100F80986 /* Common */ = {
			isa = PBXGroup;
			children = (
				FA1CCB2927DBA19D00F80986 /* Common variables.swift */,
			);
			path = Common;
			sourceTree = "<group>";
		};
		FA1CCB2D27DBB78E00F80986 /* VM */ = {
			isa = PBXGroup;
			children = (
				FA1CCB2E27DBB7C400F80986 /* ImageRequest.swift */,
			);
			path = VM;
			sourceTree = "<group>";
		};
/* End PBXGroup section */

/* Begin PBXNativeTarget section */
		FA1CCB0D27DAC6A900F80986 /* ImageScroller */ = {
			isa = PBXNativeTarget;
			buildConfigurationList = FA1CCB2227DAC6AE00F80986 /* Build configuration list for PBXNativeTarget "ImageScroller" */;
			buildPhases = (
				4FAA20D83E7B926230E21131 /* [CP] Check Pods Manifest.lock */,
				FA1CCB0A27DAC6A900F80986 /* Sources */,
				FA1CCB0B27DAC6A900F80986 /* Frameworks */,
				FA1CCB0C27DAC6A900F80986 /* Resources */,
				C794FC756913FF64A05084CD /* [CP] Embed Pods Frameworks */,
			);
			buildRules = (
			);
			dependencies = (
			);
			name = ImageScroller;
			productName = ImageScroller;
			productReference = FA1CCB0E27DAC6A900F80986 /* ImageScroller.app */;
			productType = "com.apple.product-type.application";
		};
/* End PBXNativeTarget section */

/* Begin PBXProject section */
		FA1CCB0627DAC6A900F80986 /* Project object */ = {
			isa = PBXProject;
			attributes = {
				BuildIndependentTargetsInParallel = 1;
				LastSwiftUpdateCheck = 1320;
				LastUpgradeCheck = 1320;
				TargetAttributes = {
					FA1CCB0D27DAC6A900F80986 = {
						CreatedOnToolsVersion = 13.2.1;
					};
				};
			};
			buildConfigurationList = FA1CCB0927DAC6A900F80986 /* Build configuration list for PBXProject "ImageScroller" */;
			compatibilityVersion = "Xcode 13.0";
			developmentRegion = en;
			hasScannedForEncodings = 0;
			knownRegions = (
				en,
				Base,
			);
			mainGroup = FA1CCB0527DAC6A900F80986;
			productRefGroup = FA1CCB0F27DAC6A900F80986 /* Products */;
			projectDirPath = "";
			projectRoot = "";
			targets = (
				FA1CCB0D27DAC6A900F80986 /* ImageScroller */,
			);
		};
/* End PBXProject section */

/* Begin PBXResourcesBuildPhase section */
		FA1CCB0C27DAC6A900F80986 /* Resources */ = {
			isa = PBXResourcesBuildPhase;
			buildActionMask = 2147483647;
			files = (
				FA1CCB1E27DAC6AE00F80986 /* LaunchScreen.storyboard in Resources */,
				FA1CCB1B27DAC6AE00F80986 /* Assets.xcassets in Resources */,
				FA1CCB1927DAC6A900F80986 /* Main.storyboard in Resources */,
			);
			runOnlyForDeploymentPostprocessing = 0;
		};
/* End PBXResourcesBuildPhase section */

/* Begin PBXShellScriptBuildPhase section */
		4FAA20D83E7B926230E21131 /* [CP] Check Pods Manifest.lock */ = {
			isa = PBXShellScriptBuildPhase;
			buildActionMask = 2147483647;
			files = (
			);
			inputFileListPaths = (
			);
			inputPaths = (
				"${PODS_PODFILE_DIR_PATH}/Podfile.lock",
				"${PODS_ROOT}/Manifest.lock",
			);
			name = "[CP] Check Pods Manifest.lock";
			outputFileListPaths = (
			);
			outputPaths = (
				"$(DERIVED_FILE_DIR)/Pods-ImageScroller-checkManifestLockResult.txt",
			);
			runOnlyForDeploymentPostprocessing = 0;
			shellPath = /bin/sh;
			shellScript = "diff \"${PODS_PODFILE_DIR_PATH}/Podfile.lock\" \"${PODS_ROOT}/Manifest.lock\" > /dev/null\nif [ $? != 0 ] ; then\n    # print error to STDERR\n    echo \"error: The sandbox is not in sync with the Podfile.lock. Run 'pod install' or update your CocoaPods installation.\" >&2\n    exit 1\nfi\n# This output is used by Xcode 'outputs' to avoid re-running this script phase.\necho \"SUCCESS\" > \"${SCRIPT_OUTPUT_FILE_0}\"\n";
			showEnvVarsInLog = 0;
		};
		C794FC756913FF64A05084CD /* [CP] Embed Pods Frameworks */ = {
			isa = PBXShellScriptBuildPhase;
			buildActionMask = 2147483647;
			files = (
			);
			inputFileListPaths = (
				"${PODS_ROOT}/Target Support Files/Pods-ImageScroller/Pods-ImageScroller-frameworks-${CONFIGURATION}-input-files.xcfilelist",
			);
			name = "[CP] Embed Pods Frameworks";
			outputFileListPaths = (
				"${PODS_ROOT}/Target Support Files/Pods-ImageScroller/Pods-ImageScroller-frameworks-${CONFIGURATION}-output-files.xcfilelist",
			);
			runOnlyForDeploymentPostprocessing = 0;
			shellPath = /bin/sh;
			shellScript = "\"${PODS_ROOT}/Target Support Files/Pods-ImageScroller/Pods-ImageScroller-frameworks.sh\"\n";
			showEnvVarsInLog = 0;
		};
/* End PBXShellScriptBuildPhase section */

/* Begin PBXSourcesBuildPhase section */
		FA1CCB0A27DAC6A900F80986 /* Sources */ = {
			isa = PBXSourcesBuildPhase;
			buildActionMask = 2147483647;
			files = (
				FA1CCB2C27DBA25000F80986 /* CodableData.swift in Sources */,
				FA1CCB2F27DBB7C400F80986 /* ImageRequest.swift in Sources */,
				FA1CCB1627DAC6A900F80986 /* ViewController.swift in Sources */,
				FA1CCB1227DAC6A900F80986 /* AppDelegate.swift in Sources */,
				FA1CCB1427DAC6A900F80986 /* SceneDelegate.swift in Sources */,
				FA1CCB2A27DBA19D00F80986 /* Common variables.swift in Sources */,
			);
			runOnlyForDeploymentPostprocessing = 0;
		};
/* End PBXSourcesBuildPhase section */

/* Begin PBXVariantGroup section */
		FA1CCB1727DAC6A900F80986 /* Main.storyboard */ = {
			isa = PBXVariantGroup;
			children = (
				FA1CCB1827DAC6A900F80986 /* Base */,
			);
			name = Main.storyboard;
			sourceTree = "<group>";
		};
		FA1CCB1C27DAC6AE00F80986 /* LaunchScreen.storyboard */ = {
			isa = PBXVariantGroup;
			children = (
				FA1CCB1D27DAC6AE00F80986 /* Base */,
			);
			name = LaunchScreen.storyboard;
			sourceTree = "<group>";
		};
/* End PBXVariantGroup section */

/* Begin XCBuildConfiguration section */
		FA1CCB2027DAC6AE00F80986 /* Debug */ = {
			isa = XCBuildConfiguration;
			buildSettings = {
				ALWAYS_SEARCH_USER_PATHS = NO;
				CLANG_ANALYZER_NONNULL = YES;
				CLANG_ANALYZER_NUMBER_OBJECT_CONVERSION = YES_AGGRESSIVE;
				CLANG_CXX_LANGUAGE_STANDARD = "gnu++17";
				CLANG_CXX_LIBRARY = "libc++";
				CLANG_ENABLE_MODULES = YES;
				CLANG_ENABLE_OBJC_ARC = YES;
				CLANG_ENABLE_OBJC_WEAK = YES;
				CLANG_WARN_BLOCK_CAPTURE_AUTORELEASING = YES;
				CLANG_WARN_BOOL_CONVERSION = YES;
				CLANG_WARN_COMMA = YES;
				CLANG_WARN_CONSTANT_CONVERSION = YES;
				CLANG_WARN_DEPRECATED_OBJC_IMPLEMENTATIONS = YES;
				CLANG_WARN_DIRECT_OBJC_ISA_USAGE = YES_ERROR;
				CLANG_WARN_DOCUMENTATION_COMMENTS = YES;
				CLANG_WARN_EMPTY_BODY = YES;
				CLANG_WARN_ENUM_CONVERSION = YES;
				CLANG_WARN_INFINITE_RECURSION = YES;
				CLANG_WARN_INT_CONVERSION = YES;
				CLANG_WARN_NON_LITERAL_NULL_CONVERSION = YES;
				CLANG_WARN_OBJC_IMPLICIT_RETAIN_SELF = YES;
				CLANG_WARN_OBJC_LITERAL_CONVERSION = YES;
				CLANG_WARN_OBJC_ROOT_CLASS = YES_ERROR;
				CLANG_WARN_QUOTED_INCLUDE_IN_FRAMEWORK_HEADER = YES;
				CLANG_WARN_RANGE_LOOP_ANALYSIS = YES;
				CLANG_WARN_STRICT_PROTOTYPES = YES;
				CLANG_WARN_SUSPICIOUS_MOVE = YES;
				CLANG_WARN_UNGUARDED_AVAILABILITY = YES_AGGRESSIVE;
				CLANG_WARN_UNREACHABLE_CODE = YES;
				CLANG_WARN__DUPLICATE_METHOD_MATCH = YES;
				COPY_PHASE_STRIP = NO;
				DEBUG_INFORMATION_FORMAT = dwarf;
				ENABLE_STRICT_OBJC_MSGSEND = YES;
				ENABLE_TESTABILITY = YES;
				GCC_C_LANGUAGE_STANDARD = gnu11;
				GCC_DYNAMIC_NO_PIC = NO;
				GCC_NO_COMMON_BLOCKS = YES;
				GCC_OPTIMIZATION_LEVEL = 0;
				GCC_PREPROCESSOR_DEFINITIONS = (
					"DEBUG=1",
					"$(inherited)",
				);
				GCC_WARN_64_TO_32_BIT_CONVERSION = YES;
				GCC_WARN_ABOUT_RETURN_TYPE = YES_ERROR;
				GCC_WARN_UNDECLARED_SELECTOR = YES;
				GCC_WARN_UNINITIALIZED_AUTOS = YES_AGGRESSIVE;
				GCC_WARN_UNUSED_FUNCTION = YES;
				GCC_WARN_UNUSED_VARIABLE = YES;
				IPHONEOS_DEPLOYMENT_TARGET = 11.0;
				MTL_ENABLE_DEBUG_INFO = INCLUDE_SOURCE;
				MTL_FAST_MATH = YES;
				ONLY_ACTIVE_ARCH = YES;
				SDKROOT = iphoneos;
				SWIFT_ACTIVE_COMPILATION_CONDITIONS = DEBUG;
				SWIFT_OPTIMIZATION_LEVEL = "-Onone";
			};
			name = Debug;
		};
		FA1CCB2127DAC6AE00F80986 /* Release */ = {
			isa = XCBuildConfiguration;
			buildSettings = {
				ALWAYS_SEARCH_USER_PATHS = NO;
				CLANG_ANALYZER_NONNULL = YES;
				CLANG_ANALYZER_NUMBER_OBJECT_CONVERSION = YES_AGGRESSIVE;
				CLANG_CXX_LANGUAGE_STANDARD = "gnu++17";
				CLANG_CXX_LIBRARY = "libc++";
				CLANG_ENABLE_MODULES = YES;
				CLANG_ENABLE_OBJC_ARC = YES;
				CLANG_ENABLE_OBJC_WEAK = YES;
				CLANG_WARN_BLOCK_CAPTURE_AUTORELEASING = YES;
				CLANG_WARN_BOOL_CONVERSION = YES;
				CLANG_WARN_COMMA = YES;
				CLANG_WARN_CONSTANT_CONVERSION = YES;
				CLANG_WARN_DEPRECATED_OBJC_IMPLEMENTATIONS = YES;
				CLANG_WARN_DIRECT_OBJC_ISA_USAGE = YES_ERROR;
				CLANG_WARN_DOCUMENTATION_COMMENTS = YES;
				CLANG_WARN_EMPTY_BODY = YES;
				CLANG_WARN_ENUM_CONVERSION = YES;
				CLANG_WARN_INFINITE_RECURSION = YES;
				CLANG_WARN_INT_CONVERSION = YES;
				CLANG_WARN_NON_LITERAL_NULL_CONVERSION = YES;
				CLANG_WARN_OBJC_IMPLICIT_RETAIN_SELF = YES;
				CLANG_WARN_OBJC_LITERAL_CONVERSION = YES;
				CLANG_WARN_OBJC_ROOT_CLASS = YES_ERROR;
				CLANG_WARN_QUOTED_INCLUDE_IN_FRAMEWORK_HEADER = YES;
				CLANG_WARN_RANGE_LOOP_ANALYSIS = YES;
				CLANG_WARN_STRICT_PROTOTYPES = YES;
				CLANG_WARN_SUSPICIOUS_MOVE = YES;
				CLANG_WARN_UNGUARDED_AVAILABILITY = YES_AGGRESSIVE;
				CLANG_WARN_UNREACHABLE_CODE = YES;
				CLANG_WARN__DUPLICATE_METHOD_MATCH = YES;
				COPY_PHASE_STRIP = NO;
				DEBUG_INFORMATION_FORMAT = "dwarf-with-dsym";
				ENABLE_NS_ASSERTIONS = NO;
				ENABLE_STRICT_OBJC_MSGSEND = YES;
				GCC_C_LANGUAGE_STANDARD = gnu11;
				GCC_NO_COMMON_BLOCKS = YES;
				GCC_WARN_64_TO_32_BIT_CONVERSION = YES;
				GCC_WARN_ABOUT_RETURN_TYPE = YES_ERROR;
				GCC_WARN_UNDECLARED_SELECTOR = YES;
				GCC_WARN_UNINITIALIZED_AUTOS = YES_AGGRESSIVE;
				GCC_WARN_UNUSED_FUNCTION = YES;
				GCC_WARN_UNUSED_VARIABLE = YES;
				IPHONEOS_DEPLOYMENT_TARGET = 11.0;
				MTL_ENABLE_DEBUG_INFO = NO;
				MTL_FAST_MATH = YES;
				SDKROOT = iphoneos;
				SWIFT_COMPILATION_MODE = wholemodule;
				SWIFT_OPTIMIZATION_LEVEL = "-O";
				VALIDATE_PRODUCT = YES;
			};
			name = Release;
		};
		FA1CCB2327DAC6AE00F80986 /* Debug */ = {
			isa = XCBuildConfiguration;
			baseConfigurationReference = 34699A750DEA0AB05496ECA8 /* Pods-ImageScroller.debug.xcconfig */;
			buildSettings = {
				ASSETCATALOG_COMPILER_APPICON_NAME = AppIcon;
				ASSETCATALOG_COMPILER_GLOBAL_ACCENT_COLOR_NAME = AccentColor;
				CODE_SIGN_STYLE = Automatic;
				CURRENT_PROJECT_VERSION = 1;
				GENERATE_INFOPLIST_FILE = YES;
				INFOPLIST_FILE = ImageScroller/Info.plist;
				INFOPLIST_KEY_UIApplicationSupportsIndirectInputEvents = YES;
				INFOPLIST_KEY_UILaunchStoryboardName = LaunchScreen;
				INFOPLIST_KEY_UIMainStoryboardFile = Main;
				INFOPLIST_KEY_UISupportedInterfaceOrientations_iPad = "UIInterfaceOrientationPortrait UIInterfaceOrientationPortraitUpsideDown UIInterfaceOrientationLandscapeLeft UIInterfaceOrientationLandscapeRight";
				INFOPLIST_KEY_UISupportedInterfaceOrientations_iPhone = "UIInterfaceOrientationPortrait UIInterfaceOrientationLandscapeLeft UIInterfaceOrientationLandscapeRight";
				LD_RUNPATH_SEARCH_PATHS = (
					"$(inherited)",
					"@executable_path/Frameworks",
				);
				MARKETING_VERSION = 1.0;
				PRODUCT_BUNDLE_IDENTIFIER = test.ImageScroller;
				PRODUCT_NAME = "$(TARGET_NAME)";
				SWIFT_EMIT_LOC_STRINGS = YES;
				SWIFT_VERSION = 5.0;
				TARGETED_DEVICE_FAMILY = "1,2";
			};
			name = Debug;
		};
		FA1CCB2427DAC6AE00F80986 /* Release */ = {
			isa = XCBuildConfiguration;
			baseConfigurationReference = FC446EB729828EBCBA07D12B /* Pods-ImageScroller.release.xcconfig */;
			buildSettings = {
				ASSETCATALOG_COMPILER_APPICON_NAME = AppIcon;
				ASSETCATALOG_COMPILER_GLOBAL_ACCENT_COLOR_NAME = AccentColor;
				CODE_SIGN_STYLE = Automatic;
				CURRENT_PROJECT_VERSION = 1;
				GENERATE_INFOPLIST_FILE = YES;
				INFOPLIST_FILE = ImageScroller/Info.plist;
				INFOPLIST_KEY_UIApplicationSupportsIndirectInputEvents = YES;
				INFOPLIST_KEY_UILaunchStoryboardName = LaunchScreen;
				INFOPLIST_KEY_UIMainStoryboardFile = Main;
				INFOPLIST_KEY_UISupportedInterfaceOrientations_iPad = "UIInterfaceOrientationPortrait UIInterfaceOrientationPortraitUpsideDown UIInterfaceOrientationLandscapeLeft UIInterfaceOrientationLandscapeRight";
				INFOPLIST_KEY_UISupportedInterfaceOrientations_iPhone = "UIInterfaceOrientationPortrait UIInterfaceOrientationLandscapeLeft UIInterfaceOrientationLandscapeRight";
				LD_RUNPATH_SEARCH_PATHS = (
					"$(inherited)",
					"@executable_path/Frameworks",
				);
				MARKETING_VERSION = 1.0;
				PRODUCT_BUNDLE_IDENTIFIER = test.ImageScroller;
				PRODUCT_NAME = "$(TARGET_NAME)";
				SWIFT_EMIT_LOC_STRINGS = YES;
				SWIFT_VERSION = 5.0;
				TARGETED_DEVICE_FAMILY = "1,2";
			};
			name = Release;
		};
/* End XCBuildConfiguration section */

/* Begin XCConfigurationList section */
		FA1CCB0927DAC6A900F80986 /* Build configuration list for PBXProject "ImageScroller" */ = {
			isa = XCConfigurationList;
			buildConfigurations = (
				FA1CCB2027DAC6AE00F80986 /* Debug */,
				FA1CCB2127DAC6AE00F80986 /* Release */,
			);
			defaultConfigurationIsVisible = 0;
			defaultConfigurationName = Release;
		};
		FA1CCB2227DAC6AE00F80986 /* Build configuration list for PBXNativeTarget "ImageScroller" */ = {
			isa = XCConfigurationList;
			buildConfigurations = (
				FA1CCB2327DAC6AE00F80986 /* Debug */,
				FA1CCB2427DAC6AE00F80986 /* Release */,
			);
			defaultConfigurationIsVisible = 0;
			defaultConfigurationName = Release;
		};
/* End XCConfigurationList section */
	};
	rootObject = FA1CCB0627DAC6A900F80986 /* Project object */;
}
